<?xml version="1.0" encoding="utf-8"?>
<Project ToolsVersion="4.0" xmlns="http://schemas.microsoft.com/developer/msbuild/2003">
  <ItemGroup>
    <Filter Include="리소스 파일">
      <UniqueIdentifier>{67DA6AB6-F800-4c08-8B7A-83BB121AAD01}</UniqueIdentifier>
      <Extensions>rc;ico;cur;bmp;dlg;rc2;rct;bin;rgs;gif;jpg;jpeg;jpe;resx;tiff;tif;png;wav;mfcribbon-ms</Extensions>
    </Filter>
    <Filter Include="Trash">
      <UniqueIdentifier>{147db4de-c64c-4d8b-b3d8-4f6ffd160a5c}</UniqueIdentifier>
    </Filter>
    <Filter Include="Default">
      <UniqueIdentifier>{d15b5043-2ad4-44ea-8b69-28a14529b21c}</UniqueIdentifier>
    </Filter>
    <Filter Include="Engine">
      <UniqueIdentifier>{927b3c7d-2939-4ed4-a5eb-a1ff737447b2}</UniqueIdentifier>
    </Filter>
    <Filter Include="Engine\Core">
      <UniqueIdentifier>{5b603e8e-ccec-48ed-8c38-ba8001fbd0eb}</UniqueIdentifier>
    </Filter>
    <Filter Include="Engine\D3DUtils">
      <UniqueIdentifier>{db4e7466-0569-4b16-abd5-4fc52ebf4fce}</UniqueIdentifier>
    </Filter>
    <Filter Include="Engine\GeometryGenerator">
      <UniqueIdentifier>{a1fd50fa-3540-4311-bbea-3cc5cf6ba4a8}</UniqueIdentifier>
    </Filter>
    <Filter Include="Engine\Mesh">
      <UniqueIdentifier>{bf389dae-c00c-4fd1-be02-0bd985d098d6}</UniqueIdentifier>
    </Filter>
    <Filter Include="Engine\Shader">
      <UniqueIdentifier>{4a86f6c7-0991-439b-abf1-9b4bc464475c}</UniqueIdentifier>
    </Filter>
    <Filter Include="Engine\KeyMgr">
      <UniqueIdentifier>{73356f60-5b3e-49e1-b829-927a36976fc7}</UniqueIdentifier>
    </Filter>
    <Filter Include="Engine\Camera">
      <UniqueIdentifier>{4c70851a-3ff4-4383-bcab-ec50a9fd08df}</UniqueIdentifier>
    </Filter>
    <Filter Include="Engine\Shader\BasicShader">
      <UniqueIdentifier>{a6c0ca5c-74cd-4e03-810b-f092656e0548}</UniqueIdentifier>
    </Filter>
    <Filter Include="Engine\Shader\NormalShader">
      <UniqueIdentifier>{68e49bcb-de5c-4660-9bb6-ad57de88e9c9}</UniqueIdentifier>
    </Filter>
    <Filter Include="Engine\Shader\FilterShader">
      <UniqueIdentifier>{5cb0d3db-5a75-4614-9170-a68336fc0f2d}</UniqueIdentifier>
    </Filter>
    <Filter Include="Engine\Shader\DirArrowShader">
      <UniqueIdentifier>{f97fc8da-0d22-4b7e-9d8c-41b61e58650e}</UniqueIdentifier>
    </Filter>
    <Filter Include="Engine\Mesh\Object">
      <UniqueIdentifier>{60530a53-45ae-49e0-8401-9dd392114d25}</UniqueIdentifier>
    </Filter>
    <Filter Include="Engine\Mesh\Non Object">
      <UniqueIdentifier>{0319dd9f-8d5d-40cc-ad31-b92854b32311}</UniqueIdentifier>
    </Filter>
    <Filter Include="Engine\Mesh\Non Object\ImageFilter">
      <UniqueIdentifier>{f3c25483-e812-42b0-94ce-c2bdec7d6eb1}</UniqueIdentifier>
    </Filter>
    <Filter Include="Engine\Mesh\Non Object\CubeMap">
      <UniqueIdentifier>{dc8acba1-a0ea-47c2-bafb-8b9ce09857a1}</UniqueIdentifier>
    </Filter>
    <Filter Include="Engine\Mesh\Non Object\DirArrow">
      <UniqueIdentifier>{f9abf766-0987-4af0-9864-af081b6db451}</UniqueIdentifier>
    </Filter>
    <Filter Include="Engine\Mesh\Object\Sphere">
      <UniqueIdentifier>{95f693e5-f9a8-412e-aa74-a9345d576f5b}</UniqueIdentifier>
    </Filter>
    <Filter Include="Engine\Scene">
      <UniqueIdentifier>{ad09a39a-e05b-49c0-b2a6-98a0fa05ca9f}</UniqueIdentifier>
    </Filter>
    <Filter Include="Engine\SceneMgr">
      <UniqueIdentifier>{9eb56536-9cf6-4b2d-865d-4061ff3b02bf}</UniqueIdentifier>
    </Filter>
    <Filter Include="Engine\Scene\TestScene">
      <UniqueIdentifier>{88dc4598-e65f-4c12-8b2b-c19c5193f507}</UniqueIdentifier>
    </Filter>
    <Filter Include="Engine\Scene\SpaceScene">
      <UniqueIdentifier>{44a5bf8b-6a05-4955-9502-cbfe038c2ca7}</UniqueIdentifier>
    </Filter>
    <Filter Include="Engine\Mesh\Non Object\PostProcess">
      <UniqueIdentifier>{f3087c79-6a35-451e-8e9f-c870e8b6b6c7}</UniqueIdentifier>
    </Filter>
    <Filter Include="Engine\ModelLoader">
      <UniqueIdentifier>{39e2f329-09ba-4146-8aa4-7f6ff3400f2d}</UniqueIdentifier>
    </Filter>
    <Filter Include="Engine\Mesh\Object\Mirror">
      <UniqueIdentifier>{96273d9d-643f-4679-860d-6609ac3c9d9a}</UniqueIdentifier>
    </Filter>
    <Filter Include="Engine\GraphicsCommons">
      <UniqueIdentifier>{8b628fb7-5ca0-43cd-99ad-6dcb440ade4e}</UniqueIdentifier>
    </Filter>
    <Filter Include="Engine\GraphicsPSO">
      <UniqueIdentifier>{c4d946f7-38f6-4299-a1b3-c3f81b20e266}</UniqueIdentifier>
    </Filter>
    <Filter Include="Engine\Shader\SkyBoxShader">
      <UniqueIdentifier>{c8ffaa43-33d8-4152-8a73-d65f4123cdd2}</UniqueIdentifier>
    </Filter>
  </ItemGroup>
  <ItemGroup>
    <ClInclude Include="targetver.h">
      <Filter>Trash</Filter>
    </ClInclude>
    <ClInclude Include="Space.h">
      <Filter>Trash</Filter>
    </ClInclude>
    <ClInclude Include="Resource.h">
      <Filter>Trash</Filter>
    </ClInclude>
    <ClInclude Include="framework.h">
      <Filter>Trash</Filter>
    </ClInclude>
    <ClInclude Include="pch.h">
      <Filter>Default</Filter>
    </ClInclude>
    <ClInclude Include="Core.h">
      <Filter>Engine\Core</Filter>
    </ClInclude>
    <ClInclude Include="Define.h">
      <Filter>Default</Filter>
    </ClInclude>
    <ClInclude Include="D3DUtils.h">
      <Filter>Engine\D3DUtils</Filter>
    </ClInclude>
    <ClInclude Include="Struct.h">
      <Filter>Default</Filter>
    </ClInclude>
    <ClInclude Include="GeometryGenerator.h">
      <Filter>Engine\GeometryGenerator</Filter>
    </ClInclude>
    <ClInclude Include="Mesh.h">
      <Filter>Engine\Mesh</Filter>
    </ClInclude>
    <ClInclude Include="CubeMap.h">
      <Filter>Engine\Mesh\Non Object\CubeMap</Filter>
    </ClInclude>
    <ClInclude Include="Enum.h">
      <Filter>Default</Filter>
    </ClInclude>
    <ClInclude Include="KeyMgr.h">
      <Filter>Engine\KeyMgr</Filter>
    </ClInclude>
    <ClInclude Include="Camera.h">
      <Filter>Engine\Camera</Filter>
    </ClInclude>
    <ClInclude Include="ImageFilter.h">
      <Filter>Engine\Mesh\Non Object\ImageFilter</Filter>
    </ClInclude>
    <ClInclude Include="DirArrow.h">
      <Filter>Engine\Mesh\Non Object\DirArrow</Filter>
    </ClInclude>
    <ClInclude Include="Object.h">
      <Filter>Engine\Mesh\Object</Filter>
    </ClInclude>
    <ClInclude Include="NonObject.h">
      <Filter>Engine\Mesh\Non Object</Filter>
    </ClInclude>
    <ClInclude Include="Sphere.h">
      <Filter>Engine\Mesh\Object\Sphere</Filter>
    </ClInclude>
    <ClInclude Include="Scene.h">
      <Filter>Engine\Scene</Filter>
    </ClInclude>
    <ClInclude Include="SceneMgr.h">
      <Filter>Engine\SceneMgr</Filter>
    </ClInclude>
    <ClInclude Include="TestScene.h">
      <Filter>Engine\Scene\TestScene</Filter>
    </ClInclude>
    <ClInclude Include="SpaceScene.h">
      <Filter>Engine\Scene\SpaceScene</Filter>
    </ClInclude>
    <ClInclude Include="PostProcess.h">
      <Filter>Engine\Mesh\Non Object\PostProcess</Filter>
    </ClInclude>
    <ClInclude Include="ModelLoader.h">
      <Filter>Engine\ModelLoader</Filter>
    </ClInclude>
    <ClInclude Include="Mirror.h">
      <Filter>Engine\Mesh\Object\Mirror</Filter>
    </ClInclude>
    <ClInclude Include="GraphicsCommons.h">
      <Filter>Engine\GraphicsCommons</Filter>
    </ClInclude>
    <ClInclude Include="GraphicsPSO.h">
      <Filter>Engine\GraphicsPSO</Filter>
    </ClInclude>
  </ItemGroup>
  <ItemGroup>
    <ResourceCompile Include="Space.rc">
      <Filter>리소스 파일</Filter>
    </ResourceCompile>
  </ItemGroup>
  <ItemGroup>
    <Image Include="small.ico">
      <Filter>리소스 파일</Filter>
    </Image>
    <Image Include="Space.ico">
      <Filter>리소스 파일</Filter>
    </Image>
  </ItemGroup>
  <ItemGroup>
    <ClCompile Include="Main.cpp">
      <Filter>Default</Filter>
    </ClCompile>
    <ClCompile Include="Core.cpp">
      <Filter>Engine\Core</Filter>
    </ClCompile>
    <ClCompile Include="D3DUtils.cpp">
      <Filter>Engine\D3DUtils</Filter>
    </ClCompile>
    <ClCompile Include="GeometryGenerator.cpp">
      <Filter>Engine\GeometryGenerator</Filter>
    </ClCompile>
    <ClCompile Include="Mesh.cpp">
      <Filter>Engine\Mesh</Filter>
    </ClCompile>
    <ClCompile Include="CubeMap.cpp">
      <Filter>Engine\Mesh\Non Object\CubeMap</Filter>
    </ClCompile>
    <ClCompile Include="KeyMgr.cpp">
      <Filter>Engine\KeyMgr</Filter>
    </ClCompile>
    <ClCompile Include="Camera.cpp">
      <Filter>Engine\Camera</Filter>
    </ClCompile>
    <ClCompile Include="ImageFilter.cpp">
      <Filter>Engine\Mesh\Non Object\ImageFilter</Filter>
    </ClCompile>
    <ClCompile Include="DirArrow.cpp">
      <Filter>Engine\Mesh\Non Object\DirArrow</Filter>
    </ClCompile>
    <ClCompile Include="Object.cpp">
      <Filter>Engine\Mesh\Object</Filter>
    </ClCompile>
    <ClCompile Include="NonObject.cpp">
      <Filter>Engine\Mesh\Non Object</Filter>
    </ClCompile>
    <ClCompile Include="Sphere.cpp">
      <Filter>Engine\Mesh\Object\Sphere</Filter>
    </ClCompile>
    <ClCompile Include="Scene.cpp">
      <Filter>Engine\Scene</Filter>
    </ClCompile>
    <ClCompile Include="SceneMgr.cpp">
      <Filter>Engine\SceneMgr</Filter>
    </ClCompile>
    <ClCompile Include="TestScene.cpp">
      <Filter>Engine\Scene\TestScene</Filter>
    </ClCompile>
    <ClCompile Include="SpaceScene.cpp">
      <Filter>Engine\Scene\SpaceScene</Filter>
    </ClCompile>
    <ClCompile Include="PostProcess.cpp">
      <Filter>Engine\Mesh\Non Object\PostProcess</Filter>
    </ClCompile>
    <ClCompile Include="ModelLoader.cpp">
      <Filter>Engine\ModelLoader</Filter>
    </ClCompile>
    <ClCompile Include="Mirror.cpp">
      <Filter>Engine\Mesh\Object\Mirror</Filter>
    </ClCompile>
    <ClCompile Include="GraphicsCommons.cpp">
      <Filter>Engine\GraphicsCommons</Filter>
    </ClCompile>
    <ClCompile Include="GraphicsPSO.cpp">
      <Filter>Engine\GraphicsPSO</Filter>
    </ClCompile>
  </ItemGroup>
  <ItemGroup>
    <FxCompile Include="BasicVertexShader.hlsl">
      <Filter>Engine\Shader\BasicShader</Filter>
    </FxCompile>
    <FxCompile Include="BasicPixelShader.hlsl">
      <Filter>Engine\Shader\BasicShader</Filter>
    </FxCompile>
    <FxCompile Include="SkyBoxVertexShader.hlsl">
      <Filter>Engine\Shader\SkyBoxShader</Filter>
    </FxCompile>
    <FxCompile Include="SkyBoxPixelShader.hlsl">
      <Filter>Engine\Shader\SkyBoxShader</Filter>
    </FxCompile>
    <FxCompile Include="NormalVertexShader.hlsl">
      <Filter>Engine\Shader\NormalShader</Filter>
    </FxCompile>
    <FxCompile Include="NormalPixelShader.hlsl">
      <Filter>Engine\Shader\NormalShader</Filter>
    </FxCompile>
    <FxCompile Include="BasicGeometryShader.hlsl">
      <Filter>Engine\Shader\BasicShader</Filter>
    </FxCompile>
    <FxCompile Include="NormalGeometryShader.hlsl">
      <Filter>Engine\Shader\NormalShader</Filter>
    </FxCompile>
    <FxCompile Include="CopyVertexShader.hlsl">
      <Filter>Engine\Shader\FilterShader</Filter>
    </FxCompile>
    <FxCompile Include="CopyPixelShader.hlsl">
      <Filter>Engine\Shader\FilterShader</Filter>
    </FxCompile>
    <FxCompile Include="CombinePixelShader.hlsl">
      <Filter>Engine\Shader\FilterShader</Filter>
    </FxCompile>
    <FxCompile Include="BlurPixelShader.hlsl">
      <Filter>Engine\Shader\FilterShader</Filter>
    </FxCompile>
    <FxCompile Include="DirArrowVertexShader.hlsl">
      <Filter>Engine\Shader\DirArrowShader</Filter>
    </FxCompile>
    <FxCompile Include="DirArrowGeometryShader.hlsl">
      <Filter>Engine\Shader\DirArrowShader</Filter>
    </FxCompile>
    <FxCompile Include="DirArrowPixelShader.hlsl">
      <Filter>Engine\Shader\DirArrowShader</Filter>
    </FxCompile>
    <FxCompile Include="PhongPixelShader.hlsl">
      <Filter>Engine\Shader\BasicShader</Filter>
    </FxCompile>
  </ItemGroup>
  <ItemGroup>
    <None Include="Header.hlsli">
      <Filter>Engine\Shader</Filter>
    </None>
  </ItemGroup>
</Project>